
Microsoft Visual Studio Solution File, Format Version 12.00
# Visual Studio 2013
VisualStudioVersion = 12.0.30723.0
MinimumVisualStudioVersion = 10.0.40219.1
Project("{FAE04EC0-301F-11D3-BF4B-00C04F79EFBC}") = "MyAvatar", "MyAvatar\MyAvatar.csproj", "{88584126-2BCC-4233-90FC-405C95382392}"
EndProject
Project("{FAE04EC0-301F-11D3-BF4B-00C04F79EFBC}") = "MyAvatar.Tests", "MyAvatar.Tests\MyAvatar.Tests.csproj", "{A75FBF23-9FAF-4E93-9408-1780048025C1}"
EndProject
Global
	GlobalSection(SolutionConfigurationPlatforms) = preSolution
		Debug|Any CPU = Debug|Any CPU
		Release|Any CPU = Release|Any CPU
	EndGlobalSection
	GlobalSection(ProjectConfigurationPlatforms) = postSolution
		{88584126-2BCC-4233-90FC-405C95382392}.Debug|Any CPU.ActiveCfg = Debug|Any CPU
		{88584126-2BCC-4233-90FC-405C95382392}.Debug|Any CPU.Build.0 = Debug|Any CPU
		{88584126-2BCC-4233-90FC-405C95382392}.Release|Any CPU.ActiveCfg = Release|Any CPU
		{88584126-2BCC-4233-90FC-405C95382392}.Release|Any CPU.Build.0 = Release|Any CPU
		{A75FBF23-9FAF-4E93-9408-1780048025C1}.Debug|Any CPU.ActiveCfg = Debug|Any CPU
		{A75FBF23-9FAF-4E93-9408-1780048025C1}.Debug|Any CPU.Build.0 = Debug|Any CPU
		{A75FBF23-9FAF-4E93-9408-1780048025C1}.Release|Any CPU.ActiveCfg = Release|Any CPU
		{A75FBF23-9FAF-4E93-9408-1780048025C1}.Release|Any CPU.Build.0 = Release|Any CPU
	EndGlobalSection
	GlobalSection(SolutionProperties) = preSolution
		HideSolutionNode = FALSE
	EndGlobalSection
EndGlobal
